
Microsoft Visual Studio Solution File, Format Version 12.00
# Visual Studio Version 16
VisualStudioVersion = 16.0.29519.87
MinimumVisualStudioVersion = 10.0.40219.1
Project("{9A19103F-16F7-4668-BE54-9A1E7A4F7556}") = "Infrastructure", "Core\Infrastructure\Infrastructure.csproj", "{3651DB6D-9758-4998-819E-02D42566B93C}"
EndProject
Project("{9A19103F-16F7-4668-BE54-9A1E7A4F7556}") = "APIComponents", "Core\APIComponents\APIComponents.csproj", "{064DB962-B47D-4FCB-B910-6BAAF4C10B84}"
EndProject
Project("{9A19103F-16F7-4668-BE54-9A1E7A4F7556}") = "Stream.API", "Microservices\Stream\Stream.API\Stream.API.csproj", "{FF45D297-2662-4E37-8C0A-2251330CC2B4}"
EndProject
Project("{9A19103F-16F7-4668-BE54-9A1E7A4F7556}") = "Stream.Infrastructure", "Microservices\Stream\Stream.Infrastructure\Stream.Infrastructure.csproj", "{45523035-9D68-40A1-B015-28EB25925C2A}"
EndProject
Project("{9A19103F-16F7-4668-BE54-9A1E7A4F7556}") = "AudioStreamer", "WebFront\AudioStreamer\AudioStreamer.csproj", "{9263D8FC-2946-4BB8-B8BE-5E4314C470DC}"
EndProject
Project("{E53339B2-1760-4266-BCC7-CA923CBCF16C}") = "docker-compose", "docker-compose.dcproj", "{C9F55CC7-A5CC-44F6-97E5-9B53064A3C88}"
EndProject
Project("{9A19103F-16F7-4668-BE54-9A1E7A4F7556}") = "Stream.Domain", "Microservices\Stream\Stream.Domain\Stream.Domain.csproj", "{AA3A85B5-3C98-41FD-8B16-2CC59AE05CE2}"
EndProject
Global
	GlobalSection(SolutionConfigurationPlatforms) = preSolution
		Debug|Any CPU = Debug|Any CPU
		Release|Any CPU = Release|Any CPU
	EndGlobalSection
	GlobalSection(ProjectConfigurationPlatforms) = postSolution
		{3651DB6D-9758-4998-819E-02D42566B93C}.Debug|Any CPU.ActiveCfg = Debug|Any CPU
		{3651DB6D-9758-4998-819E-02D42566B93C}.Debug|Any CPU.Build.0 = Debug|Any CPU
		{3651DB6D-9758-4998-819E-02D42566B93C}.Release|Any CPU.ActiveCfg = Release|Any CPU
		{3651DB6D-9758-4998-819E-02D42566B93C}.Release|Any CPU.Build.0 = Release|Any CPU
		{064DB962-B47D-4FCB-B910-6BAAF4C10B84}.Debug|Any CPU.ActiveCfg = Debug|Any CPU
		{064DB962-B47D-4FCB-B910-6BAAF4C10B84}.Debug|Any CPU.Build.0 = Debug|Any CPU
		{064DB962-B47D-4FCB-B910-6BAAF4C10B84}.Release|Any CPU.ActiveCfg = Release|Any CPU
		{064DB962-B47D-4FCB-B910-6BAAF4C10B84}.Release|Any CPU.Build.0 = Release|Any CPU
		{FF45D297-2662-4E37-8C0A-2251330CC2B4}.Debug|Any CPU.ActiveCfg = Debug|Any CPU
		{FF45D297-2662-4E37-8C0A-2251330CC2B4}.Debug|Any CPU.Build.0 = Debug|Any CPU
		{FF45D297-2662-4E37-8C0A-2251330CC2B4}.Release|Any CPU.ActiveCfg = Release|Any CPU
		{FF45D297-2662-4E37-8C0A-2251330CC2B4}.Release|Any CPU.Build.0 = Release|Any CPU
		{45523035-9D68-40A1-B015-28EB25925C2A}.Debug|Any CPU.ActiveCfg = Debug|Any CPU
		{45523035-9D68-40A1-B015-28EB25925C2A}.Debug|Any CPU.Build.0 = Debug|Any CPU
		{45523035-9D68-40A1-B015-28EB25925C2A}.Release|Any CPU.ActiveCfg = Release|Any CPU
		{45523035-9D68-40A1-B015-28EB25925C2A}.Release|Any CPU.Build.0 = Release|Any CPU
		{9263D8FC-2946-4BB8-B8BE-5E4314C470DC}.Debug|Any CPU.ActiveCfg = Debug|Any CPU
		{9263D8FC-2946-4BB8-B8BE-5E4314C470DC}.Debug|Any CPU.Build.0 = Debug|Any CPU
		{9263D8FC-2946-4BB8-B8BE-5E4314C470DC}.Release|Any CPU.ActiveCfg = Release|Any CPU
		{9263D8FC-2946-4BB8-B8BE-5E4314C470DC}.Release|Any CPU.Build.0 = Release|Any CPU
		{C9F55CC7-A5CC-44F6-97E5-9B53064A3C88}.Debug|Any CPU.ActiveCfg = Debug|Any CPU
		{C9F55CC7-A5CC-44F6-97E5-9B53064A3C88}.Debug|Any CPU.Build.0 = Debug|Any CPU
		{C9F55CC7-A5CC-44F6-97E5-9B53064A3C88}.Release|Any CPU.ActiveCfg = Release|Any CPU
		{C9F55CC7-A5CC-44F6-97E5-9B53064A3C88}.Release|Any CPU.Build.0 = Release|Any CPU
		{AA3A85B5-3C98-41FD-8B16-2CC59AE05CE2}.Debug|Any CPU.ActiveCfg = Debug|Any CPU
		{AA3A85B5-3C98-41FD-8B16-2CC59AE05CE2}.Debug|Any CPU.Build.0 = Debug|Any CPU
		{AA3A85B5-3C98-41FD-8B16-2CC59AE05CE2}.Release|Any CPU.ActiveCfg = Release|Any CPU
		{AA3A85B5-3C98-41FD-8B16-2CC59AE05CE2}.Release|Any CPU.Build.0 = Release|Any CPU
	EndGlobalSection
	GlobalSection(SolutionProperties) = preSolution
		HideSolutionNode = FALSE
	EndGlobalSection
	GlobalSection(ExtensibilityGlobals) = postSolution
		SolutionGuid = {F17826D7-69ED-466F-AE74-BE43F6E7772C}
	EndGlobalSection
EndGlobal
